
Microsoft Visual Studio Solution File, Format Version 12.00
# Visual Studio 15
VisualStudioVersion = 15.0.27703.2035
MinimumVisualStudioVersion = 10.0.40219.1
Project("{FAE04EC0-301F-11D3-BF4B-00C04F79EFBC}") = "PublicTransport", "PublicTransport\PublicTransport.csproj", "{385BE55E-DB8B-435D-A1C8-C1229307D3AB}"
EndProject
Project("{FAE04EC0-301F-11D3-BF4B-00C04F79EFBC}") = "MyLibrary", "MyLibrary\MyLibrary.csproj", "{0DBB5BC1-D906-44C6-9B97-2D84FCE47D2B}"
EndProject
Project("{FAE04EC0-301F-11D3-BF4B-00C04F79EFBC}") = "UnitTestProjectTransportPublic", "UnitTestProjectTransportPublic\UnitTestProjectTransportPublic.csproj", "{C5F67B32-7570-44F7-A349-B68C9A311546}"
EndProject
Global
	GlobalSection(SolutionConfigurationPlatforms) = preSolution
		Debug|Any CPU = Debug|Any CPU
		Release|Any CPU = Release|Any CPU
	EndGlobalSection
	GlobalSection(ProjectConfigurationPlatforms) = postSolution
		{385BE55E-DB8B-435D-A1C8-C1229307D3AB}.Debug|Any CPU.ActiveCfg = Debug|Any CPU
		{385BE55E-DB8B-435D-A1C8-C1229307D3AB}.Debug|Any CPU.Build.0 = Debug|Any CPU
		{385BE55E-DB8B-435D-A1C8-C1229307D3AB}.Release|Any CPU.ActiveCfg = Release|Any CPU
		{385BE55E-DB8B-435D-A1C8-C1229307D3AB}.Release|Any CPU.Build.0 = Release|Any CPU
		{0DBB5BC1-D906-44C6-9B97-2D84FCE47D2B}.Debug|Any CPU.ActiveCfg = Debug|Any CPU
		{0DBB5BC1-D906-44C6-9B97-2D84FCE47D2B}.Debug|Any CPU.Build.0 = Debug|Any CPU
		{0DBB5BC1-D906-44C6-9B97-2D84FCE47D2B}.Release|Any CPU.ActiveCfg = Release|Any CPU
		{0DBB5BC1-D906-44C6-9B97-2D84FCE47D2B}.Release|Any CPU.Build.0 = Release|Any CPU
		{C5F67B32-7570-44F7-A349-B68C9A311546}.Debug|Any CPU.ActiveCfg = Debug|Any CPU
		{C5F67B32-7570-44F7-A349-B68C9A311546}.Debug|Any CPU.Build.0 = Debug|Any CPU
		{C5F67B32-7570-44F7-A349-B68C9A311546}.Release|Any CPU.ActiveCfg = Release|Any CPU
		{C5F67B32-7570-44F7-A349-B68C9A311546}.Release|Any CPU.Build.0 = Release|Any CPU
	EndGlobalSection
	GlobalSection(SolutionProperties) = preSolution
		HideSolutionNode = FALSE
	EndGlobalSection
	GlobalSection(ExtensibilityGlobals) = postSolution
		SolutionGuid = {10EFB594-790E-40EA-9CD4-3E395B3586AF}
	EndGlobalSection
EndGlobal
